
Microsoft Visual Studio Solution File, Format Version 12.00
# Visual Studio Version 17
VisualStudioVersion = 17.1.32210.238
MinimumVisualStudioVersion = 10.0.40219.1
Project("{FAE04EC0-301F-11D3-BF4B-00C04F79EFBC}") = "15murchform", "15murchform\15murchform.csproj", "{08B48003-FA68-4D0F-B8A6-4B02E3C8297B}"
EndProject
Global
	GlobalSection(SolutionConfigurationPlatforms) = preSolution
		Debug|Any CPU = Debug|Any CPU
		Release|Any CPU = Release|Any CPU
	EndGlobalSection
	GlobalSection(ProjectConfigurationPlatforms) = postSolution
		{08B48003-FA68-4D0F-B8A6-4B02E3C8297B}.Debug|Any CPU.ActiveCfg = Debug|Any CPU
		{08B48003-FA68-4D0F-B8A6-4B02E3C8297B}.Debug|Any CPU.Build.0 = Debug|Any CPU
		{08B48003-FA68-4D0F-B8A6-4B02E3C8297B}.Release|Any CPU.ActiveCfg = Release|Any CPU
		{08B48003-FA68-4D0F-B8A6-4B02E3C8297B}.Release|Any CPU.Build.0 = Release|Any CPU
	EndGlobalSection
	GlobalSection(SolutionProperties) = preSolution
		HideSolutionNode = FALSE
	EndGlobalSection
	GlobalSection(ExtensibilityGlobals) = postSolution
		SolutionGuid = {F853EEC1-2C16-42D1-9376-09721802AD8E}
	EndGlobalSection
EndGlobal
